github.com/nsf/jsondiff v0.0.0-20190712045011-8443391ee9b6 h1:qsqscDgSJy+HqgMTR+3NwjYJBbp1+honwDsszLoS+pA=
github.com/nsf/jsondiff v0.0.0-20190712045011-8443391ee9b6/go.mod h1:uFMI8w+ref4v2r9jz+c9i1IfIttS/OkmLfrk1jne5hs=
github.com/opentracing/opentracing-go v1.1.0 h1:pWlfV3Bxv7k65HYwkikxat0+s3pV4bsqf19k25Ur8rU=
github.com/opentracing/opentracing-go v1.1.0/go.mod h1:UkNAQd3GIcIGf0SeVgPpRdFStlNbqXla1AfSYxPUl2o=
